
Microsoft Visual Studio Solution File, Format Version 12.00
# Visual Studio 15
VisualStudioVersion = 15.0.28307.168
MinimumVisualStudioVersion = 10.0.40219.1
Project("{FAE04EC0-301F-11D3-BF4B-00C04F79EFBC}") = "login_form", "login_form\login_form.csproj", "{FFBFF82B-FF65-4E52-8FBD-B55AA8709A16}"
EndProject
Project("{FAE04EC0-301F-11D3-BF4B-00C04F79EFBC}") = "dal", "dal\dal.csproj", "{2BC82DEF-825E-49DE-B001-54738EA496A9}"
EndProject
Project("{FAE04EC0-301F-11D3-BF4B-00C04F79EFBC}") = "bll", "bll\bll.csproj", "{CD013E78-7EAA-47DA-BC0E-8179871BBD99}"
EndProject
Global
	GlobalSection(SolutionConfigurationPlatforms) = preSolution
		Debug|Any CPU = Debug|Any CPU
		Release|Any CPU = Release|Any CPU
	EndGlobalSection
	GlobalSection(ProjectConfigurationPlatforms) = postSolution
		{FFBFF82B-FF65-4E52-8FBD-B55AA8709A16}.Debug|Any CPU.ActiveCfg = Debug|Any CPU
		{FFBFF82B-FF65-4E52-8FBD-B55AA8709A16}.Debug|Any CPU.Build.0 = Debug|Any CPU
		{FFBFF82B-FF65-4E52-8FBD-B55AA8709A16}.Release|Any CPU.ActiveCfg = Release|Any CPU
		{FFBFF82B-FF65-4E52-8FBD-B55AA8709A16}.Release|Any CPU.Build.0 = Release|Any CPU
		{2BC82DEF-825E-49DE-B001-54738EA496A9}.Debug|Any CPU.ActiveCfg = Debug|Any CPU
		{2BC82DEF-825E-49DE-B001-54738EA496A9}.Debug|Any CPU.Build.0 = Debug|Any CPU
		{2BC82DEF-825E-49DE-B001-54738EA496A9}.Release|Any CPU.ActiveCfg = Release|Any CPU
		{2BC82DEF-825E-49DE-B001-54738EA496A9}.Release|Any CPU.Build.0 = Release|Any CPU
		{CD013E78-7EAA-47DA-BC0E-8179871BBD99}.Debug|Any CPU.ActiveCfg = Debug|Any CPU
		{CD013E78-7EAA-47DA-BC0E-8179871BBD99}.Debug|Any CPU.Build.0 = Debug|Any CPU
		{CD013E78-7EAA-47DA-BC0E-8179871BBD99}.Release|Any CPU.ActiveCfg = Release|Any CPU
		{CD013E78-7EAA-47DA-BC0E-8179871BBD99}.Release|Any CPU.Build.0 = Release|Any CPU
	EndGlobalSection
	GlobalSection(SolutionProperties) = preSolution
		HideSolutionNode = FALSE
	EndGlobalSection
	GlobalSection(ExtensibilityGlobals) = postSolution
		SolutionGuid = {7909CACB-72F1-4176-8890-DF9583D8DB17}
	EndGlobalSection
EndGlobal
